{
	"name": "HiddenMarkovModel",
	"version": "0.0.4",
	"lockfileVersion": 1,
	"dependencies": {
		"abbrev": {
			"version": "1.0.9",
			"resolved": "https://registry.npmjs.org/abbrev/-/abbrev-1.0.9.tgz",
			"integrity": "sha1-kbR5JYinc4wl813W9jdSovh3YTU=",
			"dev": true
		},
		"align-text": {
			"version": "0.1.4",
			"resolved": "https://registry.npmjs.org/align-text/-/align-text-0.1.4.tgz",
			"integrity": "sha1-DNkKVhCT810KmSVsIrcGlDP60Rc=",
			"dev": true
		},
		"amdefine": {
			"version": "1.0.1",
			"resolved": "https://registry.npmjs.org/amdefine/-/amdefine-1.0.1.tgz",
			"integrity": "sha1-SlKCrBZHKek2Gbz9OtFR+BfOkfU=",
			"dev": true
		},
		"argparse": {
			"version": "0.1.16",
			"resolved": "https://registry.npmjs.org/argparse/-/argparse-0.1.16.tgz",
			"integrity": "sha1-z9AeD7uj1srtBJ+9dY1A9lGW9Xw=",
			"dev": true,
			"dependencies": {
				"underscore": {
					"version": "1.7.0",
					"resolved": "https://registry.npmjs.org/underscore/-/underscore-1.7.0.tgz",
					"integrity": "sha1-a7rwh3UA02vjTsqlhODbn+8DUgk=",
					"dev": true
				},
				"underscore.string": {
					"version": "2.4.0",
					"resolved": "https://registry.npmjs.org/underscore.string/-/underscore.string-2.4.0.tgz",
					"integrity": "sha1-jN2PusTi0uoefi6Al8QvRCKA+Fs=",
					"dev": true
				}
			}
		},
		"assertion-error": {
			"version": "1.1.0",
			"resolved": "https://registry.npmjs.org/assertion-error/-/assertion-error-1.1.0.tgz",
			"integrity": "sha512-jgsaNduz+ndvGyFt3uSuWqvy4lCnIJiovtouQN5JZHOKCS2QuhEdbcQHFhVksz2N2U9hXJo8odG7ETyWlEeuDw==",
			"dev": true
		},
		"async": {
			"version": "2.6.0",
			"resolved": "https://registry.npmjs.org/async/-/async-2.6.0.tgz",
			"integrity": "sha512-xAfGg1/NTLBBKlHFmnd7PlmUW9KhVQIUuSrYem9xzFUZy13ScvtyGGejaae9iAVRiRq9+Cx7DPFaAAhCpyxyPw==",
			"dev": true
		},
		"aws-sign": {
			"version": "0.2.0",
			"resolved": "https://registry.npmjs.org/aws-sign/-/aws-sign-0.2.0.tgz",
			"integrity": "sha1-xVAThWyBlOyFSgy+yQqrWgTOOsU=",
			"dev": true
		},
		"balanced-match": {
			"version": "1.0.0",
			"resolved": "https://registry.npmjs.org/balanced-match/-/balanced-match-1.0.0.tgz",
			"integrity": "sha1-ibTRmasr7kneFk6gK4nORi1xt2c=",
			"dev": true
		},
		"boom": {
			"version": "0.3.8",
			"resolved": "https://registry.npmjs.org/boom/-/boom-0.3.8.tgz",
			"integrity": "sha1-yM2wQUNZEnQWKMBE7Mcy0dF8Ceo=",
			"dev": true
		},
		"brace-expansion": {
			"version": "1.1.11",
			"resolved": "https://registry.npmjs.org/brace-expansion/-/brace-expansion-1.1.11.tgz",
			"integrity": "sha512-iCuPHDFgrHX7H2vEI/5xpz07zSHB00TpugqhmYtVmMO6518mCuRMoOYFldEBl0g187ufozdaHgWKcYFb61qGiA==",
			"dev": true
		},
		"camelcase": {
			"version": "1.2.1",
			"resolved": "https://registry.npmjs.org/camelcase/-/camelcase-1.2.1.tgz",
			"integrity": "sha1-m7UwTS4LVmmLLHWLCKPqqdqlijk=",
			"dev": true,
			"optional": true
		},
		"center-align": {
			"version": "0.1.3",
			"resolved": "https://registry.npmjs.org/center-align/-/center-align-0.1.3.tgz",
			"integrity": "sha1-qg0yYptu6XIgBBHL1EYckHvCt60=",
			"dev": true,
			"optional": true
		},
		"chai": {
			"version": "3.5.0",
			"resolved": "https://registry.npmjs.org/chai/-/chai-3.5.0.tgz",
			"integrity": "sha1-TQJjewZ/6Vi9v906QOxW/vc3Mkc=",
			"dev": true
		},
		"cli-table": {
			"version": "0.2.0",
			"resolved": "https://registry.npmjs.org/cli-table/-/cli-table-0.2.0.tgz",
			"integrity": "sha1-NMY+tTLCBunl5K4MsBBL0f0nMXw=",
			"dev": true,
			"dependencies": {
				"colors": {
					"version": "0.3.0",
					"resolved": "https://registry.npmjs.org/colors/-/colors-0.3.0.tgz",
					"integrity": "sha1-wkfWTTTbDKTcjkPz7NbamNCvlOc=",
					"dev": true
				}
			}
		},
		"cliui": {
			"version": "2.1.0",
			"resolved": "https://registry.npmjs.org/cliui/-/cliui-2.1.0.tgz",
			"integrity": "sha1-S0dXYP+AJkx2LDoXGQMukcf+oNE=",
			"dev": true,
			"optional": true,
			"dependencies": {
				"wordwrap": {
					"version": "0.0.2",
					"resolved": "https://registry.npmjs.org/wordwrap/-/wordwrap-0.0.2.tgz",
					"integrity": "sha1-t5Zpu0LstAn4PVg8rVLKF+qhZD8=",
					"dev": true,
					"optional": true
				}
			}
		},
		"codo": {
			"version": "2.1.2",
			"resolved": "https://registry.npmjs.org/codo/-/codo-2.1.2.tgz",
			"integrity": "sha1-55E8Tqhjcs/iMnBkUXSs7vaaS4g=",
			"dev": true
		},
		"coffee-coverage": {
			"version": "1.0.1",
			"resolved": "https://registry.npmjs.org/coffee-coverage/-/coffee-coverage-1.0.1.tgz",
			"integrity": "sha1-FdmEPTs8jwE9Fl6WxYHkfdIAv7c=",
			"dev": true,
			"dependencies": {
				"argparse": {
					"version": "1.0.10",
					"resolved": "https://registry.npmjs.org/argparse/-/argparse-1.0.10.tgz",
					"integrity": "sha512-o5Roy6tNG4SL/FOkCAN6RzjiakZS25RLYFrcMttJqbdd8BWrnA+fGz57iN5Pb06pvBGvl5gQ0B48dJlslXvoTg==",
					"dev": true
				},
				"lodash": {
					"version": "3.10.1",
					"resolved": "https://registry.npmjs.org/lodash/-/lodash-3.10.1.tgz",
					"integrity": "sha1-W/Rejkm6QYnhfUgnid/RW9FAt7Y=",
					"dev": true
				},
				"minimatch": {
					"version": "3.0.4",
					"resolved": "https://registry.npmjs.org/minimatch/-/minimatch-3.0.4.tgz",
					"integrity": "sha512-yJHVQEhyqPLUTgt9B83PXu6W3rx4MvvHvSUvToogpwoGDOUQ+yDrR0HRot+yOCdCO7u4hX3pWft6kWBBcqh0UA==",
					"dev": true
				},
				"sprintf-js": {
					"version": "1.0.3",
					"resolved": "https://registry.npmjs.org/sprintf-js/-/sprintf-js-1.0.3.tgz",
					"integrity": "sha1-BOaSb2YolTVPPdAVIDYzuFcpfiw=",
					"dev": true
				}
			}
		},
		"coffee-script": {
			"version": "1.10.0",
			"resolved": "https://registry.npmjs.org/coffee-script/-/coffee-script-1.10.0.tgz",
			"integrity": "sha1-EpOLz5vhlI+gBvkuDEyegXBRCMA=",
			"dev": true
		},
		"coffeescript": {
			"version": "2.2.4",
			"resolved": "https://registry.npmjs.org/coffeescript/-/coffeescript-2.2.4.tgz",
			"integrity": "sha512-YNi3ksTEP8AQBMlwx4TjrcSX7BMKDFaKR0czMhEIUuT8Qz3anwgYucWSYtSMX0QKxAurqq4p7annrHT5qXMaqA==",
			"dev": true
		},
		"colors": {
			"version": "1.2.1",
			"resolved": "https://registry.npmjs.org/colors/-/colors-1.2.1.tgz",
			"integrity": "sha512-s8+wktIuDSLffCywiwSxQOMqtPxML11a/dtHE17tMn4B1MSWw/C22EKf7M2KGUBcDaVFEGT+S8N02geDXeuNKg==",
			"dev": true
		},
		"combined-stream": {
			"version": "0.0.7",
			"resolved": "https://registry.npmjs.org/combined-stream/-/combined-stream-0.0.7.tgz",
			"integrity": "sha1-ATfmV7qlp1QcV6w3rF/AfXO03B8=",
			"dev": true
		},
		"commander": {
			"version": "2.3.0",
			"resolved": "https://registry.npmjs.org/commander/-/commander-2.3.0.tgz",
			"integrity": "sha1-/UMOiJgy7DU7ms0d4hfBHLPu+HM=",
			"dev": true
		},
		"concat-map": {
			"version": "0.0.1",
			"resolved": "https://registry.npmjs.org/concat-map/-/concat-map-0.0.1.tgz",
			"integrity": "sha1-2Klr13/Wjfd5OnMDajug1UBdR3s=",
			"dev": true
		},
		"connect": {
			"version": "3.6.6",
			"resolved": "https://registry.npmjs.org/connect/-/connect-3.6.6.tgz",
			"integrity": "sha1-Ce/2xVr3I24TcTWnJXSFi2eG9SQ=",
			"dev": true
		},
		"cookie-jar": {
			"version": "0.2.0",
			"resolved": "https://registry.npmjs.org/cookie-jar/-/cookie-jar-0.2.0.tgz",
			"integrity": "sha1-ZOzAasl423leS1KQy+SLo3gUAPo=",
			"dev": true
		},
		"cryptiles": {
			"version": "0.1.3",
			"resolved": "https://registry.npmjs.org/cryptiles/-/cryptiles-0.1.3.tgz",
			"integrity": "sha1-GlVnNPBtJLo0hirpy55wmjr7/xw=",
			"dev": true
		},
		"css-parse": {
			"version": "1.7.0",
			"resolved": "https://registry.npmjs.org/css-parse/-/css-parse-1.7.0.tgz",
			"integrity": "sha1-Mh9s9zeCpv91ERE5D8BeLGV9jJs=",
			"dev": true
		},
		"cssom": {
			"version": "0.2.5",
			"resolved": "https://registry.npmjs.org/cssom/-/cssom-0.2.5.tgz",
			"integrity": "sha1-JoJwm1kC5yEt9SkRb/eIzVslSJQ=",
			"dev": true
		},
		"cycle": {
			"version": "1.0.3",
			"resolved": "https://registry.npmjs.org/cycle/-/cycle-1.0.3.tgz",
			"integrity": "sha1-IegLK+hYD5i0aPN5QwZisEbDStI=",
			"dev": true
		},
		"debug": {
			"version": "2.6.9",
			"resolved": "https://registry.npmjs.org/debug/-/debug-2.6.9.tgz",
			"integrity": "sha512-bC7ElrdJaJnPbAP+1EotYvqZsb3ecl5wi6Bfi6BJTUcNowp6cvspg0jXznRTKDjm/E7AdgFBVeAPVMNcKGsHMA==",
			"dev": true
		},
		"decamelize": {
			"version": "1.2.0",
			"resolved": "https://registry.npmjs.org/decamelize/-/decamelize-1.2.0.tgz",
			"integrity": "sha1-9lNNFRSCabIDUue+4m9QH5oZEpA=",
			"dev": true,
			"optional": true
		},
		"deep-eql": {
			"version": "0.1.3",
			"resolved": "https://registry.npmjs.org/deep-eql/-/deep-eql-0.1.3.tgz",
			"integrity": "sha1-71WKyrjeJSBs1xOQbXTlaTDrafI=",
			"dev": true,
			"dependencies": {
				"type-detect": {
					"version": "0.1.1",
					"resolved": "https://registry.npmjs.org/type-detect/-/type-detect-0.1.1.tgz",
					"integrity": "sha1-C6XsKohWQORw6k6FBZcZANrFiCI=",
					"dev": true
				}
			}
		},
		"deep-is": {
			"version": "0.1.3",
			"resolved": "https://registry.npmjs.org/deep-is/-/deep-is-0.1.3.tgz",
			"integrity": "sha1-s2nW+128E+7PUk+RsHD+7cNXzzQ=",
			"dev": true
		},
		"delayed-stream": {
			"version": "0.0.5",
			"resolved": "https://registry.npmjs.org/delayed-stream/-/delayed-stream-0.0.5.tgz",
			"integrity": "sha1-1LH0OpPoKW3+AmlPRoC8N6MTxz8=",
			"dev": true
		},
		"diff": {
			"version": "1.4.0",
			"resolved": "https://registry.npmjs.org/diff/-/diff-1.4.0.tgz",
			"integrity": "sha1-fyjS657nsVqX79ic5j3P2qPMur8=",
			"dev": true
		},
		"ee-first": {
			"version": "1.1.1",
			"resolved": "https://registry.npmjs.org/ee-first/-/ee-first-1.1.1.tgz",
			"integrity": "sha1-WQxhFWsK4vTwJVcyoViyZrxWsh0=",
			"dev": true
		},
		"encodeurl": {
			"version": "1.0.2",
			"resolved": "https://registry.npmjs.org/encodeurl/-/encodeurl-1.0.2.tgz",
			"integrity": "sha1-rT/0yG7C0CkyL1oCw6mmBslbP1k=",
			"dev": true
		},
		"escape-html": {
			"version": "1.0.3",
			"resolved": "https://registry.npmjs.org/escape-html/-/escape-html-1.0.3.tgz",
			"integrity": "sha1-Aljq5NPQwJdN4cFpGI7wBR0dGYg=",
			"dev": true
		},
		"escape-string-regexp": {
			"version": "1.0.2",
			"resolved": "https://registry.npmjs.org/escape-string-regexp/-/escape-string-regexp-1.0.2.tgz",
			"integrity": "sha1-Tbwv5nTnGUnK8/smlc5/LcHZqNE=",
			"dev": true
		},
		"escodegen": {
			"version": "1.8.1",
			"resolved": "https://registry.npmjs.org/escodegen/-/escodegen-1.8.1.tgz",
			"integrity": "sha1-WltTr0aTEQvrsIZ6o0MN07cKEBg=",
			"dev": true
		},
		"esprima": {
			"version": "2.7.3",
			"resolved": "https://registry.npmjs.org/esprima/-/esprima-2.7.3.tgz",
			"integrity": "sha1-luO3DVd59q1JzQMmc9HDEnZ7pYE=",
			"dev": true
		},
		"estraverse": {
			"version": "1.9.3",
			"resolved": "https://registry.npmjs.org/estraverse/-/estraverse-1.9.3.tgz",
			"integrity": "sha1-r2fy3JIlgkFZUJJgkaQAXSnJu0Q=",
			"dev": true
		},
		"esutils": {
			"version": "2.0.2",
			"resolved": "https://registry.npmjs.org/esutils/-/esutils-2.0.2.tgz",
			"integrity": "sha1-Cr9PHKpbyx96nYrMbepPqqBLrJs=",
			"dev": true
		},
		"eyes": {
			"version": "0.1.8",
			"resolved": "https://registry.npmjs.org/eyes/-/eyes-0.1.8.tgz",
			"integrity": "sha1-Ys8SAjTGg3hdkCNIqADvPgzCC8A=",
			"dev": true
		},
		"fast-levenshtein": {
			"version": "2.0.6",
			"resolved": "https://registry.npmjs.org/fast-levenshtein/-/fast-levenshtein-2.0.6.tgz",
			"integrity": "sha1-PYpcZog6FqMMqGQ+hR8Zuqd5eRc=",
			"dev": true
		},
		"finalhandler": {
			"version": "1.1.0",
			"resolved": "https://registry.npmjs.org/finalhandler/-/finalhandler-1.1.0.tgz",
			"integrity": "sha1-zgtoVbRYU+eRsvzGgARtiCU91/U=",
			"dev": true
		},
		"forever-agent": {
			"version": "0.2.0",
			"resolved": "https://registry.npmjs.org/forever-agent/-/forever-agent-0.2.0.tgz",
			"integrity": "sha1-4cJcetROCcOPIzh2x2/MJP+EOx8=",
			"dev": true
		},
		"form-data": {
			"version": "0.0.10",
			"resolved": "https://registry.npmjs.org/form-data/-/form-data-0.0.10.tgz",
			"integrity": "sha1-2zRaU3jYau6x7V1VO4aawZLS9e0=",
			"dev": true,
			"dependencies": {
				"async": {
					"version": "0.2.10",
					"resolved": "https://registry.npmjs.org/async/-/async-0.2.10.tgz",
					"integrity": "sha1-trvgsGdLnXGXCMo43owjfLUmw9E=",
					"dev": true
				}
			}
		},
		"fs-tools": {
			"version": "0.2.11",
			"resolved": "https://registry.npmjs.org/fs-tools/-/fs-tools-0.2.11.tgz",
			"integrity": "sha1-ZKYzkRn42mh75NH9vaN+4PiOZEw=",
			"dev": true,
			"dependencies": {
				"async": {
					"version": "0.2.10",
					"resolved": "https://registry.npmjs.org/async/-/async-0.2.10.tgz",
					"integrity": "sha1-trvgsGdLnXGXCMo43owjfLUmw9E=",
					"dev": true
				},
				"lodash": {
					"version": "2.4.2",
					"resolved": "https://registry.npmjs.org/lodash/-/lodash-2.4.2.tgz",
					"integrity": "sha1-+t2DS5aDBz2hebPq5tnA0VBT9z4=",
					"dev": true
				}
			}
		},
		"glob": {
			"version": "3.2.11",
			"resolved": "https://registry.npmjs.org/glob/-/glob-3.2.11.tgz",
			"integrity": "sha1-Spc/Y1uRkPcV0QmH1cAP0oFevj0=",
			"dev": true
		},
		"growl": {
			"version": "1.9.2",
			"resolved": "https://registry.npmjs.org/growl/-/growl-1.9.2.tgz",
			"integrity": "sha1-Dqd0NxXbjY3ixe3hd14bRayFwC8=",
			"dev": true
		},
		"haml-coffee": {
			"version": "1.14.1",
			"resolved": "https://registry.npmjs.org/haml-coffee/-/haml-coffee-1.14.1.tgz",
			"integrity": "sha1-lisBuf3TY7xzFwQ3M+SC75Shtus=",
			"dev": true
		},
		"handlebars": {
			"version": "4.0.11",
			"resolved": "https://registry.npmjs.org/handlebars/-/handlebars-4.0.11.tgz",
			"integrity": "sha1-Ywo13+ApS8KB7a5v/F0yn8eYLcw=",
			"dev": true,
			"dependencies": {
				"async": {
					"version": "1.5.2",
					"resolved": "https://registry.npmjs.org/async/-/async-1.5.2.tgz",
					"integrity": "sha1-7GphrlZIDAw8skHJVhjiCJL5Zyo=",
					"dev": true
				},
				"source-map": {
					"version": "0.4.4",
					"resolved": "https://registry.npmjs.org/source-map/-/source-map-0.4.4.tgz",
					"integrity": "sha1-66T12pwNyZneaAMti092FzZSA2s=",
					"dev": true
				}
			}
		},
		"has-flag": {
			"version": "1.0.0",
			"resolved": "https://registry.npmjs.org/has-flag/-/has-flag-1.0.0.tgz",
			"integrity": "sha1-nZ55MWXOAXoA8AQYxD+UKnsdEfo=",
			"dev": true
		},
		"hawk": {
			"version": "0.10.2",
			"resolved": "https://registry.npmjs.org/hawk/-/hawk-0.10.2.tgz",
			"integrity": "sha1-mzYd7pWpMWQObVBOBWCaj8OsRdI=",
			"dev": true
		},
		"hike": {
			"version": "0.1.4",
			"resolved": "https://registry.npmjs.org/hike/-/hike-0.1.4.tgz",
			"integrity": "sha1-06/Q4JIHnHsLLjw38uLJTqLGb14=",
			"dev": true,
			"dependencies": {
				"lodash": {
					"version": "2.4.2",
					"resolved": "https://registry.npmjs.org/lodash/-/lodash-2.4.2.tgz",
					"integrity": "sha1-+t2DS5aDBz2hebPq5tnA0VBT9z4=",
					"dev": true
				}
			}
		},
		"hoek": {
			"version": "0.7.6",
			"resolved": "https://registry.npmjs.org/hoek/-/hoek-0.7.6.tgz",
			"integrity": "sha1-YPvZBFV1Qc0rh5Wr8wihs3cOFVo=",
			"dev": true
		},
		"inflight": {
			"version": "1.0.6",
			"resolved": "https://registry.npmjs.org/inflight/-/inflight-1.0.6.tgz",
			"integrity": "sha1-Sb1jMdfQLQwJvJEKEHW6gWW1bfk=",
			"dev": true
		},
		"inherits": {
			"version": "2.0.3",
			"resolved": "https://registry.npmjs.org/inherits/-/inherits-2.0.3.tgz",
			"integrity": "sha1-Yzwsg+PaQqUC9SRmAiSA9CCCYd4=",
			"dev": true
		},
		"is-buffer": {
			"version": "1.1.6",
			"resolved": "https://registry.npmjs.org/is-buffer/-/is-buffer-1.1.6.tgz",
			"integrity": "sha512-NcdALwpXkTm5Zvvbk7owOUSvVvBKDgKP5/ewfXEznmQFfs4ZRmanOeKBTjRVjka3QFoN6XJ+9F3USqfHqTaU5w==",
			"dev": true
		},
		"isexe": {
			"version": "2.0.0",
			"resolved": "https://registry.npmjs.org/isexe/-/isexe-2.0.0.tgz",
			"integrity": "sha1-6PvzdNxVb/iUehDcsFctYz8s+hA=",
			"dev": true
		},
		"istanbul": {
			"version": "0.4.5",
			"resolved": "https://registry.npmjs.org/istanbul/-/istanbul-0.4.5.tgz",
			"integrity": "sha1-ZcfXPUxNqE1POsMQuRj7C4Azczs=",
			"dev": true,
			"dependencies": {
				"async": {
					"version": "1.5.2",
					"resolved": "https://registry.npmjs.org/async/-/async-1.5.2.tgz",
					"integrity": "sha1-7GphrlZIDAw8skHJVhjiCJL5Zyo=",
					"dev": true
				},
				"glob": {
					"version": "5.0.15",
					"resolved": "https://registry.npmjs.org/glob/-/glob-5.0.15.tgz",
					"integrity": "sha1-G8k2ueAvSmA/zCIuz3Yz0wuLk7E=",
					"dev": true
				},
				"minimatch": {
					"version": "3.0.4",
					"resolved": "https://registry.npmjs.org/minimatch/-/minimatch-3.0.4.tgz",
					"integrity": "sha512-yJHVQEhyqPLUTgt9B83PXu6W3rx4MvvHvSUvToogpwoGDOUQ+yDrR0HRot+yOCdCO7u4hX3pWft6kWBBcqh0UA==",
					"dev": true
				},
				"wordwrap": {
					"version": "1.0.0",
					"resolved": "https://registry.npmjs.org/wordwrap/-/wordwrap-1.0.0.tgz",
					"integrity": "sha1-J1hIEIkUVqQXHI0CJkQa3pDLyus=",
					"dev": true
				}
			}
		},
		"jade": {
			"version": "0.26.3",
			"resolved": "https://registry.npmjs.org/jade/-/jade-0.26.3.tgz",
			"integrity": "sha1-jxDXl32NefL2/4YqgbBRPMslaGw=",
			"dev": true,
			"dependencies": {
				"commander": {
					"version": "0.6.1",
					"resolved": "https://registry.npmjs.org/commander/-/commander-0.6.1.tgz",
					"integrity": "sha1-+mihT2qUXVTbvlDYzbMyDp47GgY=",
					"dev": true
				},
				"mkdirp": {
					"version": "0.3.0",
					"resolved": "https://registry.npmjs.org/mkdirp/-/mkdirp-0.3.0.tgz",
					"integrity": "sha1-G79asbqCevI1dRQ0kEJkVfSB/h4=",
					"dev": true
				}
			}
		},
		"js-yaml": {
			"version": "3.11.0",
			"resolved": "https://registry.npmjs.org/js-yaml/-/js-yaml-3.11.0.tgz",
			"integrity": "sha512-saJstZWv7oNeOyBh3+Dx1qWzhW0+e6/8eDzo7p5rDFqxntSztloLtuKu+Ejhtq82jsilwOIZYsCz+lIjthg1Hw==",
			"dev": true,
			"dependencies": {
				"argparse": {
					"version": "1.0.10",
					"resolved": "https://registry.npmjs.org/argparse/-/argparse-1.0.10.tgz",
					"integrity": "sha512-o5Roy6tNG4SL/FOkCAN6RzjiakZS25RLYFrcMttJqbdd8BWrnA+fGz57iN5Pb06pvBGvl5gQ0B48dJlslXvoTg==",
					"dev": true
				},
				"esprima": {
					"version": "4.0.0",
					"resolved": "https://registry.npmjs.org/esprima/-/esprima-4.0.0.tgz",
					"integrity": "sha512-oftTcaMu/EGrEIu904mWteKIv8vMuOgGYo7EhVJJN00R/EED9DCua/xxHRdYnKtcECzVg7xOWhflvJMnqcFZjw==",
					"dev": true
				},
				"sprintf-js": {
					"version": "1.0.3",
					"resolved": "https://registry.npmjs.org/sprintf-js/-/sprintf-js-1.0.3.tgz",
					"integrity": "sha1-BOaSb2YolTVPPdAVIDYzuFcpfiw=",
					"dev": true
				}
			}
		},
		"json-stringify-safe": {
			"version": "3.0.0",
			"resolved": "https://registry.npmjs.org/json-stringify-safe/-/json-stringify-safe-3.0.0.tgz",
			"integrity": "sha1-nbew5TDH8onF6MhDKvGRwv91pbM=",
			"dev": true
		},
		"kind-of": {
			"version": "3.2.2",
			"resolved": "https://registry.npmjs.org/kind-of/-/kind-of-3.2.2.tgz",
			"integrity": "sha1-MeohpzS6ubuw8yRm2JOupR5KPGQ=",
			"dev": true
		},
		"lazy-cache": {
			"version": "1.0.4",
			"resolved": "https://registry.npmjs.org/lazy-cache/-/lazy-cache-1.0.4.tgz",
			"integrity": "sha1-odePw6UEdMuAhF07O24dpJpEbo4=",
			"dev": true,
			"optional": true
		},
		"levn": {
			"version": "0.3.0",
			"resolved": "https://registry.npmjs.org/levn/-/levn-0.3.0.tgz",
			"integrity": "sha1-OwmSTt+fCDwEkP3UwLxEIeBHZO4=",
			"dev": true
		},
		"lodash": {
			"version": "4.17.5",
			"resolved": "https://registry.npmjs.org/lodash/-/lodash-4.17.5.tgz",
			"integrity": "sha512-svL3uiZf1RwhH+cWrfZn3A4+U58wbP0tGVTLQPbjplZxZ8ROD9VLuNgsRniTlLe7OlSqR79RUehXgpBW/s0IQw==",
			"dev": true
		},
		"longest": {
			"version": "1.0.1",
			"resolved": "https://registry.npmjs.org/longest/-/longest-1.0.1.tgz",
			"integrity": "sha1-MKCy2jj3N3DoKUoNIuZiXtd9AJc=",
			"dev": true
		},
		"lru-cache": {
			"version": "2.7.3",
			"resolved": "https://registry.npmjs.org/lru-cache/-/lru-cache-2.7.3.tgz",
			"integrity": "sha1-bUUk6LlV+V1PW1iFHOId1y+06VI=",
			"dev": true
		},
		"marked": {
			"version": "0.3.19",
			"resolved": "https://registry.npmjs.org/marked/-/marked-0.3.19.tgz",
			"integrity": "sha512-ea2eGWOqNxPcXv8dyERdSr/6FmzvWwzjMxpfGB/sbMccXoct+xY+YukPD+QTUZwyvK7BZwcr4m21WBOW41pAkg==",
			"dev": true
		},
		"mime": {
			"version": "1.2.11",
			"resolved": "https://registry.npmjs.org/mime/-/mime-1.2.11.tgz",
			"integrity": "sha1-WCA+7Ybjpe8XrtK32evUfwpg3RA=",
			"dev": true
		},
		"mimoza": {
			"version": "0.3.0",
			"resolved": "https://registry.npmjs.org/mimoza/-/mimoza-0.3.0.tgz",
			"integrity": "sha1-AHr8y0yPys5lL6NT1ILCZK1wwaY=",
			"dev": true
		},
		"mincer": {
			"version": "0.5.13",
			"resolved": "https://registry.npmjs.org/mincer/-/mincer-0.5.13.tgz",
			"integrity": "sha1-SUN5gOpjNuxYRA1x6wnOlEU+c9U=",
			"dev": true,
			"dependencies": {
				"async": {
					"version": "0.2.10",
					"resolved": "https://registry.npmjs.org/async/-/async-0.2.10.tgz",
					"integrity": "sha1-trvgsGdLnXGXCMo43owjfLUmw9E=",
					"dev": true
				},
				"lodash": {
					"version": "2.4.2",
					"resolved": "https://registry.npmjs.org/lodash/-/lodash-2.4.2.tgz",
					"integrity": "sha1-+t2DS5aDBz2hebPq5tnA0VBT9z4=",
					"dev": true
				}
			}
		},
		"minimatch": {
			"version": "0.3.0",
			"resolved": "https://registry.npmjs.org/minimatch/-/minimatch-0.3.0.tgz",
			"integrity": "sha1-J12O2qxPG7MyZHIInnlJyDlGmd0=",
			"dev": true
		},
		"minimist": {
			"version": "0.0.10",
			"resolved": "https://registry.npmjs.org/minimist/-/minimist-0.0.10.tgz",
			"integrity": "sha1-3j+YVD2/lggr5IrRoMfNqDYwHc8=",
			"dev": true
		},
		"mkdirp": {
			"version": "0.5.1",
			"resolved": "https://registry.npmjs.org/mkdirp/-/mkdirp-0.5.1.tgz",
			"integrity": "sha1-MAV0OOrGz3+MR2fzhkjWaX11yQM=",
			"dev": true,
			"dependencies": {
				"minimist": {
					"version": "0.0.8",
					"resolved": "https://registry.npmjs.org/minimist/-/minimist-0.0.8.tgz",
					"integrity": "sha1-hX/Kv8M5fSYluCKCYuhqp6ARsF0=",
					"dev": true
				}
			}
		},
		"mocha": {
			"version": "2.5.3",
			"resolved": "https://registry.npmjs.org/mocha/-/mocha-2.5.3.tgz",
			"integrity": "sha1-FhvlvetJZ3HrmzV0UFC2IrWu/Fg=",
			"dev": true,
			"dependencies": {
				"debug": {
					"version": "2.2.0",
					"resolved": "https://registry.npmjs.org/debug/-/debug-2.2.0.tgz",
					"integrity": "sha1-+HBX6ZWxofauaklgZkE3vFbwOdo=",
					"dev": true
				},
				"ms": {
					"version": "0.7.1",
					"resolved": "https://registry.npmjs.org/ms/-/ms-0.7.1.tgz",
					"integrity": "sha1-nNE8A62/8ltl7/3nzoZO6VIBcJg=",
					"dev": true
				},
				"supports-color": {
					"version": "1.2.0",
					"resolved": "https://registry.npmjs.org/supports-color/-/supports-color-1.2.0.tgz",
					"integrity": "sha1-/x7R5hFp0Gs88tWI4YixjYhH4X4=",
					"dev": true
				}
			}
		},
		"ms": {
			"version": "2.0.0",
			"resolved": "https://registry.npmjs.org/ms/-/ms-2.0.0.tgz",
			"integrity": "sha1-VgiurfwAvmwpAd9fmGF4jeDVl8g=",
			"dev": true
		},
		"nib": {
			"version": "1.0.4",
			"resolved": "https://registry.npmjs.org/nib/-/nib-1.0.4.tgz",
			"integrity": "sha1-A9OXwnojHzyaWhkOqmjl154vA0U=",
			"dev": true,
			"dependencies": {
				"mkdirp": {
					"version": "0.3.5",
					"resolved": "https://registry.npmjs.org/mkdirp/-/mkdirp-0.3.5.tgz",
					"integrity": "sha1-3j5fiWHIjHh+4TaN+EmsRBPsqNc=",
					"dev": true
				},
				"stylus": {
					"version": "0.45.1",
					"resolved": "https://registry.npmjs.org/stylus/-/stylus-0.45.1.tgz",
					"integrity": "sha1-72n2LJhKSArcDJ1KqvsjgqOJ5FM=",
					"dev": true
				}
			}
		},
		"node-uuid": {
			"version": "1.4.8",
			"resolved": "https://registry.npmjs.org/node-uuid/-/node-uuid-1.4.8.tgz",
			"integrity": "sha1-sEDrCSOWivq/jTL7HxfxFn/auQc=",
			"dev": true
		},
		"nopt": {
			"version": "3.0.6",
			"resolved": "https://registry.npmjs.org/nopt/-/nopt-3.0.6.tgz",
			"integrity": "sha1-xkZdvwirzU2zWTF/eaxopkayj/k=",
			"dev": true
		},
		"oauth-sign": {
			"version": "0.2.0",
			"resolved": "https://registry.npmjs.org/oauth-sign/-/oauth-sign-0.2.0.tgz",
			"integrity": "sha1-oOahcV2u0GLzIrYit/5a/RA1tuI=",
			"dev": true
		},
		"on-finished": {
			"version": "2.3.0",
			"resolved": "https://registry.npmjs.org/on-finished/-/on-finished-2.3.0.tgz",
			"integrity": "sha1-IPEzZIGwg811M3mSoWlxqi2QaUc=",
			"dev": true
		},
		"once": {
			"version": "1.4.0",
			"resolved": "https://registry.npmjs.org/once/-/once-1.4.0.tgz",
			"integrity": "sha1-WDsap3WWHUsROsF9nFC6753Xa9E=",
			"dev": true
		},
		"optimist": {
			"version": "0.6.1",
			"resolved": "https://registry.npmjs.org/optimist/-/optimist-0.6.1.tgz",
			"integrity": "sha1-2j6nRob6IaGaERwybpDrFaAZZoY=",
			"dev": true
		},
		"optionator": {
			"version": "0.8.2",
			"resolved": "https://registry.npmjs.org/optionator/-/optionator-0.8.2.tgz",
			"integrity": "sha1-NkxeQJ0/TWMB1sC0wFu6UBgK62Q=",
			"dev": true,
			"dependencies": {
				"wordwrap": {
					"version": "1.0.0",
					"resolved": "https://registry.npmjs.org/wordwrap/-/wordwrap-1.0.0.tgz",
					"integrity": "sha1-J1hIEIkUVqQXHI0CJkQa3pDLyus=",
					"dev": true
				}
			}
		},
		"parseurl": {
			"version": "1.3.2",
			"resolved": "https://registry.npmjs.org/parseurl/-/parseurl-1.3.2.tgz",
			"integrity": "sha1-/CidTtiZMRlGDBViUyYs3I3mW/M=",
			"dev": true
		},
		"path-is-absolute": {
			"version": "1.0.1",
			"resolved": "https://registry.npmjs.org/path-is-absolute/-/path-is-absolute-1.0.1.tgz",
			"integrity": "sha1-F0uSaHNVNP+8es5r9TpanhtcX18=",
			"dev": true
		},
		"pkginfo": {
			"version": "0.3.1",
			"resolved": "https://registry.npmjs.org/pkginfo/-/pkginfo-0.3.1.tgz",
			"integrity": "sha1-Wyn2qB9wcXFC4J52W76rl7T4HiE=",
			"dev": true
		},
		"prelude-ls": {
			"version": "1.1.2",
			"resolved": "https://registry.npmjs.org/prelude-ls/-/prelude-ls-1.1.2.tgz",
			"integrity": "sha1-IZMqVJ9eUv/ZqCf1cOBL5iqX2lQ=",
			"dev": true
		},
		"qs": {
			"version": "0.5.6",
			"resolved": "https://registry.npmjs.org/qs/-/qs-0.5.6.tgz",
			"integrity": "sha1-MbGtBYVnZRxSaSFQa5qHk5EaA4Q=",
			"dev": true
		},
		"repeat-string": {
			"version": "1.6.1",
			"resolved": "https://registry.npmjs.org/repeat-string/-/repeat-string-1.6.1.tgz",
			"integrity": "sha1-jcrkcOHIirwtYA//Sndihtp15jc=",
			"dev": true
		},
		"request": {
			"version": "2.16.6",
			"resolved": "https://registry.npmjs.org/request/-/request-2.16.6.tgz",
			"integrity": "sha1-hy/kRa5y3iZrN4edatfclI+gHK0=",
			"dev": true
		},
		"resolve": {
			"version": "1.1.7",
			"resolved": "https://registry.npmjs.org/resolve/-/resolve-1.1.7.tgz",
			"integrity": "sha1-IDEU2CrSxe2ejgQRs5ModeiJ6Xs=",
			"dev": true
		},
		"right-align": {
			"version": "0.1.3",
			"resolved": "https://registry.npmjs.org/right-align/-/right-align-0.1.3.tgz",
			"integrity": "sha1-YTObci/mo1FWiSENJOFMlhSGE+8=",
			"dev": true,
			"optional": true
		},
		"sax": {
			"version": "0.5.8",
			"resolved": "https://registry.npmjs.org/sax/-/sax-0.5.8.tgz",
			"integrity": "sha1-1HLbIo6zMcJQaw6MFVJK25OdEsE=",
			"dev": true
		},
		"shellwords": {
			"version": "0.1.1",
			"resolved": "https://registry.npmjs.org/shellwords/-/shellwords-0.1.1.tgz",
			"integrity": "sha512-vFwSUfQvqybiICwZY5+DAWIPLKsWO31Q91JSKl3UYv+K5c2QRPzn0qzec6QPu1Qc9eHYItiP3NdJqNVqetYAww==",
			"dev": true
		},
		"sigmund": {
			"version": "1.0.1",
			"resolved": "https://registry.npmjs.org/sigmund/-/sigmund-1.0.1.tgz",
			"integrity": "sha1-P/IfGYytIXX587eBhT/ZTQ0ZtZA=",
			"dev": true
		},
		"sntp": {
			"version": "0.1.4",
			"resolved": "https://registry.npmjs.org/sntp/-/sntp-0.1.4.tgz",
			"integrity": "sha1-XvSBuVGnspr/30r9fyaDj8ESD4Q=",
			"dev": true
		},
		"source-map": {
			"version": "0.2.0",
			"resolved": "https://registry.npmjs.org/source-map/-/source-map-0.2.0.tgz",
			"integrity": "sha1-2rc/vPwrqBm03gO9b26qSBZLP50=",
			"dev": true,
			"optional": true
		},
		"sprintf-js": {
			"version": "1.1.1",
			"resolved": "https://registry.npmjs.org/sprintf-js/-/sprintf-js-1.1.1.tgz",
			"integrity": "sha1-Nr54Mgr+WAH2zqPueLblqrlA6gw=",
			"dev": true
		},
		"stack-trace": {
			"version": "0.0.10",
			"resolved": "https://registry.npmjs.org/stack-trace/-/stack-trace-0.0.10.tgz",
			"integrity": "sha1-VHxws0fo0ytOEI6hoqFZ5f3eGcA=",
			"dev": true
		},
		"statuses": {
			"version": "1.3.1",
			"resolved": "https://registry.npmjs.org/statuses/-/statuses-1.3.1.tgz",
			"integrity": "sha1-+vUbnrdKrvOzrPStX2Gr8ky3uT4=",
			"dev": true
		},
		"strftime": {
			"version": "0.6.2",
			"resolved": "https://registry.npmjs.org/strftime/-/strftime-0.6.2.tgz",
			"integrity": "sha1-2kwSBzzr7jzWD0ghlAzCexnTSKE=",
			"dev": true
		},
		"stylus": {
			"version": "0.38.0",
			"resolved": "https://registry.npmjs.org/stylus/-/stylus-0.38.0.tgz",
			"integrity": "sha1-a9BYHbDuBJElFjnTOGhfcjLKBhA=",
			"dev": true,
			"dependencies": {
				"mkdirp": {
					"version": "0.3.5",
					"resolved": "https://registry.npmjs.org/mkdirp/-/mkdirp-0.3.5.tgz",
					"integrity": "sha1-3j5fiWHIjHh+4TaN+EmsRBPsqNc=",
					"dev": true
				}
			}
		},
		"supports-color": {
			"version": "3.2.3",
			"resolved": "https://registry.npmjs.org/supports-color/-/supports-color-3.2.3.tgz",
			"integrity": "sha1-ZawFBLOVQXHYpklGsq48u4pfVPY=",
			"dev": true
		},
		"to-iso-string": {
			"version": "0.0.2",
			"resolved": "https://registry.npmjs.org/to-iso-string/-/to-iso-string-0.0.2.tgz",
			"integrity": "sha1-TcGeZk38y+Jb2NtQiwDG2hWCVdE=",
			"dev": true
		},
		"tunnel-agent": {
			"version": "0.2.0",
			"resolved": "https://registry.npmjs.org/tunnel-agent/-/tunnel-agent-0.2.0.tgz",
			"integrity": "sha1-aFPCr7GyEJ5FYp5JK9419Fnqaeg=",
			"dev": true
		},
		"type-check": {
			"version": "0.3.2",
			"resolved": "https://registry.npmjs.org/type-check/-/type-check-0.3.2.tgz",
			"integrity": "sha1-WITKtRLPHTVeP7eE8wgEsrUg23I=",
			"dev": true
		},
		"type-detect": {
			"version": "1.0.0",
			"resolved": "https://registry.npmjs.org/type-detect/-/type-detect-1.0.0.tgz",
			"integrity": "sha1-diIXzAbbJY7EiQihKY6LlRIejqI=",
			"dev": true
		},
		"uglify-js": {
			"version": "2.8.29",
			"resolved": "https://registry.npmjs.org/uglify-js/-/uglify-js-2.8.29.tgz",
			"integrity": "sha1-KcVzMUgFe7Th913zW3qcty5qWd0=",
			"dev": true,
			"optional": true,
			"dependencies": {
				"source-map": {
					"version": "0.5.7",
					"resolved": "https://registry.npmjs.org/source-map/-/source-map-0.5.7.tgz",
					"integrity": "sha1-igOdLRAh0i0eoUyA2OpGi6LvP8w=",
					"dev": true,
					"optional": true
				}
			}
		},
		"uglify-to-browserify": {
			"version": "1.0.2",
			"resolved": "https://registry.npmjs.org/uglify-to-browserify/-/uglify-to-browserify-1.0.2.tgz",
			"integrity": "sha1-bgkk1r2mta/jSeOabWMoUKD4grc=",
			"dev": true,
			"optional": true
		},
		"underscore": {
			"version": "1.8.3",
			"resolved": "https://registry.npmjs.org/underscore/-/underscore-1.8.3.tgz",
			"integrity": "sha1-Tz+1OxBuYJf8+ctBCfKl6b36UCI=",
			"dev": true
		},
		"underscore.string": {
			"version": "3.3.4",
			"resolved": "https://registry.npmjs.org/underscore.string/-/underscore.string-3.3.4.tgz",
			"integrity": "sha1-LCo/n4PmR2L9xF5s6sZRQoZCE9s=",
			"dev": true
		},
		"unpipe": {
			"version": "1.0.0",
			"resolved": "https://registry.npmjs.org/unpipe/-/unpipe-1.0.0.tgz",
			"integrity": "sha1-sr9O6FFKrmFltIF4KdIbLvSZBOw=",
			"dev": true
		},
		"util-deprecate": {
			"version": "1.0.2",
			"resolved": "https://registry.npmjs.org/util-deprecate/-/util-deprecate-1.0.2.tgz",
			"integrity": "sha1-RQ1Nyfpw3nMnYvvS1KKJgUGaDM8=",
			"dev": true
		},
		"utils-merge": {
			"version": "1.0.1",
			"resolved": "https://registry.npmjs.org/utils-merge/-/utils-merge-1.0.1.tgz",
			"integrity": "sha1-n5VxD1CiZ5R7LMwSR0HBAoQn5xM=",
			"dev": true
		},
		"walkdir": {
			"version": "0.0.12",
			"resolved": "https://registry.npmjs.org/walkdir/-/walkdir-0.0.12.tgz",
			"integrity": "sha512-HFhaD4mMWPzFSqhpyDG48KDdrjfn409YQuVW7ckZYhW4sE87mYtWifdB/+73RA7+p4s4K18n5Jfx1kHthE1gBw==",
			"dev": true
		},
		"which": {
			"version": "1.3.0",
			"resolved": "https://registry.npmjs.org/which/-/which-1.3.0.tgz",
			"integrity": "sha512-xcJpopdamTuY5duC/KnTTNBraPK54YwpenP4lzxU8H91GudWpFv38u0CKjclE1Wi2EH2EDz5LRcHcKbCIzqGyg==",
			"dev": true
		},
		"window-size": {
			"version": "0.1.0",
			"resolved": "https://registry.npmjs.org/window-size/-/window-size-0.1.0.tgz",
			"integrity": "sha1-VDjNLqk7IC76Ohn+iIeu58lPnJ0=",
			"dev": true,
			"optional": true
		},
		"winston": {
			"version": "0.7.3",
			"resolved": "https://registry.npmjs.org/winston/-/winston-0.7.3.tgz",
			"integrity": "sha1-euMTunP83C7LSqL5zURugphncmY=",
			"dev": true,
			"dependencies": {
				"async": {
					"version": "0.2.10",
					"resolved": "https://registry.npmjs.org/async/-/async-0.2.10.tgz",
					"integrity": "sha1-trvgsGdLnXGXCMo43owjfLUmw9E=",
					"dev": true
				},
				"colors": {
					"version": "0.6.2",
					"resolved": "https://registry.npmjs.org/colors/-/colors-0.6.2.tgz",
					"integrity": "sha1-JCP+ZnisDF2uiFLl0OW+CMmXq8w=",
					"dev": true
				}
			}
		},
		"wordwrap": {
			"version": "0.0.3",
			"resolved": "https://registry.npmjs.org/wordwrap/-/wordwrap-0.0.3.tgz",
			"integrity": "sha1-o9XabNXAvAAI03I0u68b7WMFkQc=",
			"dev": true
		},
		"wrappy": {
			"version": "1.0.2",
			"resolved": "https://registry.npmjs.org/wrappy/-/wrappy-1.0.2.tgz",
			"integrity": "sha1-tSQ9jz7BqjXxNkYFvA0QNuMKtp8=",
			"dev": true
		},
		"yargs": {
			"version": "3.10.0",
			"resolved": "https://registry.npmjs.org/yargs/-/yargs-3.10.0.tgz",
			"integrity": "sha1-9+572FfdfB0tOMDnTvvWgdFDH9E=",
			"dev": true,
			"optional": true
		}
	}
}
